github.com/seqsense/pcgol v0.0.0-20250716080434-cd29d3fd009e h1:s3PJMslN4U0bDLeZ4Wk9pgk5NxBBdx9bY+xzvebzex4=
github.com/seqsense/pcgol v0.0.0-20250716080434-cd29d3fd009e/go.mod h1:w8LffJCFuzmJsqCRLWNB2SXOVHlEPtHBCHmlisG2w+0=
github.com/seqsense/webgl-go v0.0.0-20250312101348-04e89ff6a894 h1:o0UnHdUVM2VArF1ummy/FQmix4vi/0V2qOHRdiDnBKc=
github.com/seqsense/webgl-go v0.0.0-20250312101348-04e89ff6a894/go.mod h1:0maLEllOLyHaTnNFVivXfh1zXII/kSrvwY8F2sVCu7s=
github.com/zhuyie/golzf v0.0.0-20161112031142-8387b0307ade h1:bafvQukPrIYwYWcft4rl3WpHo3qO0/voaAgnCwgdhi0=
github.com/zhuyie/golzf v0.0.0-20161112031142-8387b0307ade/go.mod h1:juNhYdla04C276MyU4zR0BA7t90ziLKPwkjDgddGYV0=
gopkg.in/check.v1 v0.0.0-20161208181325-20d25e280405 h1:yhCVgyC4o1eVCa2tZl7eS0r+SDo693bJlVdllGtEeKM=
gopkg.in/check.v1 v0.0.0-20161208181325-20d25e280405/go.mod h1:Co6ibVJAznAaIkqp8huTwlJQCZ016jof/cbN4VW5Yz0=
gopkg.in/yaml.v3 v3.0.1 h1:fxVm/GzAzEWqLHuvctI91KS9hhNmmWOoWu0XTYJS7CA=
gopkg.in/yaml.v3 v3.0.1/go.mod h1:K4uyk7z7BCEPqu6E+C64Yfv1cQ7kz7rIZviUmN+EgEM=
