github.com/seqsense/pcgol v0.0.0-20210407140301-0e49da061188 h1:GIaWZhl+1vKwp9vVms/KxEXlK3s76Wu838SbPZlcpFg=
github.com/seqsense/pcgol v0.0.0-20210407140301-0e49da061188/go.mod h1:w8LffJCFuzmJsqCRLWNB2SXOVHlEPtHBCHmlisG2w+0=
github.com/seqsense/webgl-go v0.0.0-20210612034317-00963097e05e h1:2eDSQ0VZfuznaht6zo0+GCpGe7VNJPi1MygWt03T/co=
github.com/seqsense/webgl-go v0.0.0-20210612034317-00963097e05e/go.mod h1:0maLEllOLyHaTnNFVivXfh1zXII/kSrvwY8F2sVCu7s=
github.com/seqsense/webgl-go v0.0.0-20210612044613-c577af011e8b h1:vmTZXRLqV6p6DLaahqPTywv08W0gcQnVJfBoJtth90w=
github.com/seqsense/webgl-go v0.0.0-20210612044613-c577af011e8b/go.mod h1:0maLEllOLyHaTnNFVivXfh1zXII/kSrvwY8F2sVCu7s=
github.com/zhuyie/golzf v0.0.0-20161112031142-8387b0307ade h1:bafvQukPrIYwYWcft4rl3WpHo3qO0/voaAgnCwgdhi0=
github.com/zhuyie/golzf v0.0.0-20161112031142-8387b0307ade/go.mod h1:juNhYdla04C276MyU4zR0BA7t90ziLKPwkjDgddGYV0=
gopkg.in/check.v1 v0.0.0-20161208181325-20d25e280405 h1:yhCVgyC4o1eVCa2tZl7eS0r+SDo693bJlVdllGtEeKM=
gopkg.in/check.v1 v0.0.0-20161208181325-20d25e280405/go.mod h1:Co6ibVJAznAaIkqp8huTwlJQCZ016jof/cbN4VW5Yz0=
gopkg.in/yaml.v2 v2.4.0 h1:D8xgwECY7CYvx+Y2n4sBz93Jn9JRvxdiyyo8CTfuKaY=
gopkg.in/yaml.v2 v2.4.0/go.mod h1:RDklbk79AGWmwhnvt/jBztapEOGDOx6ZbXqjP6csGnQ=
